
Microsoft Visual Studio Solution File, Format Version 12.00
# Visual Studio 2013
VisualStudioVersion = 12.0.31101.0
MinimumVisualStudioVersion = 10.0.40219.1
Project("{FAE04EC0-301F-11D3-BF4B-00C04F79EFBC}") = "AccountingForAgriculturalTax", "AccountingForAgriculturalTax\AccountingForAgriculturalTax.csproj", "{91B7CB7D-CF62-4A5E-8877-58A9F5BECB05}"
EndProject
Project("{FAE04EC0-301F-11D3-BF4B-00C04F79EFBC}") = "Decryptor", "Decryptor\Decryptor.csproj", "{5C5A673D-967B-45B3-AD1A-C0CD0D81C1E3}"
EndProject
Project("{FAE04EC0-301F-11D3-BF4B-00C04F79EFBC}") = "DataProvider", "DataProvider\DataProvider.csproj", "{82093079-4310-4A35-8F28-375E30D6A8B4}"
EndProject
Project("{FAE04EC0-301F-11D3-BF4B-00C04F79EFBC}") = "Keygen", "Keygen\Keygen.csproj", "{6253E199-9F15-43E9-A5E6-352075ECE3B3}"
EndProject
Project("{FAE04EC0-301F-11D3-BF4B-00C04F79EFBC}") = "Protector", "Protector\Protector.csproj", "{AD9D345A-E012-4FDE-99E1-209A8D629C3A}"
EndProject
Project("{FAE04EC0-301F-11D3-BF4B-00C04F79EFBC}") = "DataStructures", "DataStructures\DataStructures.csproj", "{747C9D1A-E42D-4BBA-AA3E-C34A316669F2}"
EndProject
Project("{2150E333-8FDC-42A3-9474-1A3956D46DE8}") = "AccountingForAgriculturalTax", "AccountingForAgriculturalTax", "{4A509D45-D67F-4768-86C2-D96F610355A8}"
EndProject
Project("{2150E333-8FDC-42A3-9474-1A3956D46DE8}") = "Keygen", "Keygen", "{4BC6BDD4-3CF8-4623-BE24-22C6F49A9EBB}"
EndProject
Project("{FAE04EC0-301F-11D3-BF4B-00C04F79EFBC}") = "ProgramLogic", "ProgramLogic\ProgramLogic.csproj", "{8C7AA88A-EFE2-43CD-B6BD-E3BBCE2EC2C3}"
EndProject
Project("{FAE04EC0-301F-11D3-BF4B-00C04F79EFBC}") = "KeyData", "KeyData\KeyData.csproj", "{D1FF77B9-FA4C-4ED8-8F45-79D09A14D548}"
EndProject
Project("{FAE04EC0-301F-11D3-BF4B-00C04F79EFBC}") = "ESHNDeclarationPrinter", "ESHNDeclaration\ESHNDeclarationPrinter.csproj", "{95E19C59-A8B9-40EE-A7DC-5B34F95204C2}"
EndProject
Project("{FAE04EC0-301F-11D3-BF4B-00C04F79EFBC}") = "Constants", "Constants\Constants.csproj", "{8633C233-0AF9-4331-BE60-A9F42BA100DD}"
EndProject
Project("{FAE04EC0-301F-11D3-BF4B-00C04F79EFBC}") = "TextBoxProcessor", "TextBoxProcessor\TextBoxProcessor.csproj", "{F2E54622-A123-4366-801E-612D59765DED}"
EndProject
Project("{FAE04EC0-301F-11D3-BF4B-00C04F79EFBC}") = "Exceptions", "Exceptions\Exceptions.csproj", "{4431BE9C-1092-4D09-ABB4-A23488DA0C9D}"
EndProject
Global
	GlobalSection(SolutionConfigurationPlatforms) = preSolution
		Debug|Any CPU = Debug|Any CPU
		Release|Any CPU = Release|Any CPU
	EndGlobalSection
	GlobalSection(ProjectConfigurationPlatforms) = postSolution
		{91B7CB7D-CF62-4A5E-8877-58A9F5BECB05}.Debug|Any CPU.ActiveCfg = Debug|Any CPU
		{91B7CB7D-CF62-4A5E-8877-58A9F5BECB05}.Debug|Any CPU.Build.0 = Debug|Any CPU
		{91B7CB7D-CF62-4A5E-8877-58A9F5BECB05}.Release|Any CPU.ActiveCfg = Release|Any CPU
		{91B7CB7D-CF62-4A5E-8877-58A9F5BECB05}.Release|Any CPU.Build.0 = Release|Any CPU
		{5C5A673D-967B-45B3-AD1A-C0CD0D81C1E3}.Debug|Any CPU.ActiveCfg = Debug|Any CPU
		{5C5A673D-967B-45B3-AD1A-C0CD0D81C1E3}.Debug|Any CPU.Build.0 = Debug|Any CPU
		{5C5A673D-967B-45B3-AD1A-C0CD0D81C1E3}.Release|Any CPU.ActiveCfg = Release|Any CPU
		{5C5A673D-967B-45B3-AD1A-C0CD0D81C1E3}.Release|Any CPU.Build.0 = Release|Any CPU
		{82093079-4310-4A35-8F28-375E30D6A8B4}.Debug|Any CPU.ActiveCfg = Debug|Any CPU
		{82093079-4310-4A35-8F28-375E30D6A8B4}.Debug|Any CPU.Build.0 = Debug|Any CPU
		{82093079-4310-4A35-8F28-375E30D6A8B4}.Release|Any CPU.ActiveCfg = Release|Any CPU
		{82093079-4310-4A35-8F28-375E30D6A8B4}.Release|Any CPU.Build.0 = Release|Any CPU
		{6253E199-9F15-43E9-A5E6-352075ECE3B3}.Debug|Any CPU.ActiveCfg = Debug|Any CPU
		{6253E199-9F15-43E9-A5E6-352075ECE3B3}.Debug|Any CPU.Build.0 = Debug|Any CPU
		{6253E199-9F15-43E9-A5E6-352075ECE3B3}.Release|Any CPU.ActiveCfg = Release|Any CPU
		{6253E199-9F15-43E9-A5E6-352075ECE3B3}.Release|Any CPU.Build.0 = Release|Any CPU
		{AD9D345A-E012-4FDE-99E1-209A8D629C3A}.Debug|Any CPU.ActiveCfg = Debug|Any CPU
		{AD9D345A-E012-4FDE-99E1-209A8D629C3A}.Debug|Any CPU.Build.0 = Debug|Any CPU
		{AD9D345A-E012-4FDE-99E1-209A8D629C3A}.Release|Any CPU.ActiveCfg = Release|Any CPU
		{AD9D345A-E012-4FDE-99E1-209A8D629C3A}.Release|Any CPU.Build.0 = Release|Any CPU
		{747C9D1A-E42D-4BBA-AA3E-C34A316669F2}.Debug|Any CPU.ActiveCfg = Debug|Any CPU
		{747C9D1A-E42D-4BBA-AA3E-C34A316669F2}.Debug|Any CPU.Build.0 = Debug|Any CPU
		{747C9D1A-E42D-4BBA-AA3E-C34A316669F2}.Release|Any CPU.ActiveCfg = Release|Any CPU
		{747C9D1A-E42D-4BBA-AA3E-C34A316669F2}.Release|Any CPU.Build.0 = Release|Any CPU
		{8C7AA88A-EFE2-43CD-B6BD-E3BBCE2EC2C3}.Debug|Any CPU.ActiveCfg = Debug|Any CPU
		{8C7AA88A-EFE2-43CD-B6BD-E3BBCE2EC2C3}.Debug|Any CPU.Build.0 = Debug|Any CPU
		{8C7AA88A-EFE2-43CD-B6BD-E3BBCE2EC2C3}.Release|Any CPU.ActiveCfg = Release|Any CPU
		{8C7AA88A-EFE2-43CD-B6BD-E3BBCE2EC2C3}.Release|Any CPU.Build.0 = Release|Any CPU
		{D1FF77B9-FA4C-4ED8-8F45-79D09A14D548}.Debug|Any CPU.ActiveCfg = Debug|Any CPU
		{D1FF77B9-FA4C-4ED8-8F45-79D09A14D548}.Debug|Any CPU.Build.0 = Debug|Any CPU
		{D1FF77B9-FA4C-4ED8-8F45-79D09A14D548}.Release|Any CPU.ActiveCfg = Release|Any CPU
		{D1FF77B9-FA4C-4ED8-8F45-79D09A14D548}.Release|Any CPU.Build.0 = Release|Any CPU
		{95E19C59-A8B9-40EE-A7DC-5B34F95204C2}.Debug|Any CPU.ActiveCfg = Debug|Any CPU
		{95E19C59-A8B9-40EE-A7DC-5B34F95204C2}.Debug|Any CPU.Build.0 = Debug|Any CPU
		{95E19C59-A8B9-40EE-A7DC-5B34F95204C2}.Release|Any CPU.ActiveCfg = Release|Any CPU
		{95E19C59-A8B9-40EE-A7DC-5B34F95204C2}.Release|Any CPU.Build.0 = Release|Any CPU
		{8633C233-0AF9-4331-BE60-A9F42BA100DD}.Debug|Any CPU.ActiveCfg = Debug|Any CPU
		{8633C233-0AF9-4331-BE60-A9F42BA100DD}.Debug|Any CPU.Build.0 = Debug|Any CPU
		{8633C233-0AF9-4331-BE60-A9F42BA100DD}.Release|Any CPU.ActiveCfg = Release|Any CPU
		{8633C233-0AF9-4331-BE60-A9F42BA100DD}.Release|Any CPU.Build.0 = Release|Any CPU
		{F2E54622-A123-4366-801E-612D59765DED}.Debug|Any CPU.ActiveCfg = Debug|Any CPU
		{F2E54622-A123-4366-801E-612D59765DED}.Debug|Any CPU.Build.0 = Debug|Any CPU
		{F2E54622-A123-4366-801E-612D59765DED}.Release|Any CPU.ActiveCfg = Release|Any CPU
		{F2E54622-A123-4366-801E-612D59765DED}.Release|Any CPU.Build.0 = Release|Any CPU
		{4431BE9C-1092-4D09-ABB4-A23488DA0C9D}.Debug|Any CPU.ActiveCfg = Debug|Any CPU
		{4431BE9C-1092-4D09-ABB4-A23488DA0C9D}.Debug|Any CPU.Build.0 = Debug|Any CPU
		{4431BE9C-1092-4D09-ABB4-A23488DA0C9D}.Release|Any CPU.ActiveCfg = Release|Any CPU
		{4431BE9C-1092-4D09-ABB4-A23488DA0C9D}.Release|Any CPU.Build.0 = Release|Any CPU
	EndGlobalSection
	GlobalSection(SolutionProperties) = preSolution
		HideSolutionNode = FALSE
	EndGlobalSection
	GlobalSection(NestedProjects) = preSolution
		{91B7CB7D-CF62-4A5E-8877-58A9F5BECB05} = {4A509D45-D67F-4768-86C2-D96F610355A8}
		{5C5A673D-967B-45B3-AD1A-C0CD0D81C1E3} = {4A509D45-D67F-4768-86C2-D96F610355A8}
		{82093079-4310-4A35-8F28-375E30D6A8B4} = {4A509D45-D67F-4768-86C2-D96F610355A8}
		{6253E199-9F15-43E9-A5E6-352075ECE3B3} = {4BC6BDD4-3CF8-4623-BE24-22C6F49A9EBB}
		{AD9D345A-E012-4FDE-99E1-209A8D629C3A} = {4A509D45-D67F-4768-86C2-D96F610355A8}
		{747C9D1A-E42D-4BBA-AA3E-C34A316669F2} = {4A509D45-D67F-4768-86C2-D96F610355A8}
		{8C7AA88A-EFE2-43CD-B6BD-E3BBCE2EC2C3} = {4A509D45-D67F-4768-86C2-D96F610355A8}
		{D1FF77B9-FA4C-4ED8-8F45-79D09A14D548} = {4A509D45-D67F-4768-86C2-D96F610355A8}
		{95E19C59-A8B9-40EE-A7DC-5B34F95204C2} = {4A509D45-D67F-4768-86C2-D96F610355A8}
		{8633C233-0AF9-4331-BE60-A9F42BA100DD} = {4A509D45-D67F-4768-86C2-D96F610355A8}
		{F2E54622-A123-4366-801E-612D59765DED} = {4A509D45-D67F-4768-86C2-D96F610355A8}
		{4431BE9C-1092-4D09-ABB4-A23488DA0C9D} = {4A509D45-D67F-4768-86C2-D96F610355A8}
	EndGlobalSection
EndGlobal
